<?xml version="1.0" encoding="UTF-8"?>
<Project ToolsVersion="14.0" xmlns="http://schemas.microsoft.com/developer/msbuild/2003">
  <ItemGroup>
    <CustomBuild Include="C:\Users\ziyad\Documents\Portfolio\CMakeFiles\77a2ce11fe181532d7eece8057aef5ae\INSTALL_force.rule">
      <Filter>CMake Rules</Filter>
    </CustomBuild>
  </ItemGroup>
  <ItemGroup>
    <Filter Include="CMake Rules">
      <UniqueIdentifier>{9476947B-3326-3B4F-852B-991E7B5BAF4E}</UniqueIdentifier>
    </Filter>
  </ItemGroup>
</Project>
